
Microsoft Visual Studio Solution File, Format Version 12.00
# Visual Studio Version 16
VisualStudioVersion = 16.0.29201.188
MinimumVisualStudioVersion = 10.0.40219.1
Project("{9A19103F-16F7-4668-BE54-9A1E7A4F7556}") = "FoodAppServices", "FoodAppServices.csproj", "{3351E51E-EAEC-43A7-BE7F-057D68F70CD7}"
EndProject
Project("{FAE04EC0-301F-11D3-BF4B-00C04F79EFBC}") = "FoodAppRepository", "..\FoodAppRepository\FoodAppRepository.csproj", "{08BE73B9-EC6A-4E86-BA83-40691BD35D43}"
EndProject
Project("{FAE04EC0-301F-11D3-BF4B-00C04F79EFBC}") = "FoodAppModels", "..\FoodAppModels\FoodAppModels.csproj", "{0AA5C497-7EAA-41D9-AA77-6BCCEDB27ADA}"
EndProject
Global
	GlobalSection(SolutionConfigurationPlatforms) = preSolution
		Debug|Any CPU = Debug|Any CPU
		Release|Any CPU = Release|Any CPU
	EndGlobalSection
	GlobalSection(ProjectConfigurationPlatforms) = postSolution
		{3351E51E-EAEC-43A7-BE7F-057D68F70CD7}.Debug|Any CPU.ActiveCfg = Debug|Any CPU
		{3351E51E-EAEC-43A7-BE7F-057D68F70CD7}.Debug|Any CPU.Build.0 = Debug|Any CPU
		{3351E51E-EAEC-43A7-BE7F-057D68F70CD7}.Release|Any CPU.ActiveCfg = Release|Any CPU
		{3351E51E-EAEC-43A7-BE7F-057D68F70CD7}.Release|Any CPU.Build.0 = Release|Any CPU
		{08BE73B9-EC6A-4E86-BA83-40691BD35D43}.Debug|Any CPU.ActiveCfg = Debug|Any CPU
		{08BE73B9-EC6A-4E86-BA83-40691BD35D43}.Debug|Any CPU.Build.0 = Debug|Any CPU
		{08BE73B9-EC6A-4E86-BA83-40691BD35D43}.Release|Any CPU.ActiveCfg = Release|Any CPU
		{08BE73B9-EC6A-4E86-BA83-40691BD35D43}.Release|Any CPU.Build.0 = Release|Any CPU
		{0AA5C497-7EAA-41D9-AA77-6BCCEDB27ADA}.Debug|Any CPU.ActiveCfg = Debug|Any CPU
		{0AA5C497-7EAA-41D9-AA77-6BCCEDB27ADA}.Debug|Any CPU.Build.0 = Debug|Any CPU
		{0AA5C497-7EAA-41D9-AA77-6BCCEDB27ADA}.Release|Any CPU.ActiveCfg = Release|Any CPU
		{0AA5C497-7EAA-41D9-AA77-6BCCEDB27ADA}.Release|Any CPU.Build.0 = Release|Any CPU
	EndGlobalSection
	GlobalSection(SolutionProperties) = preSolution
		HideSolutionNode = FALSE
	EndGlobalSection
	GlobalSection(ExtensibilityGlobals) = postSolution
		SolutionGuid = {6B79A33B-A291-41A7-AA59-5AE98A1A8244}
	EndGlobalSection
EndGlobal
